// !$*UTF8*$!
{
	archiveVersion = 1;
	classes = {
	};
	objectVersion = 50;
	objects = {

/* Begin PBXBuildFile section */
		8010F7222556A6EA00E871E0 /* AppDelegate.swift in Sources */ = {isa = PBXBuildFile; fileRef = 8010F7212556A6EA00E871E0 /* AppDelegate.swift */; };
		8010F7242556A6EA00E871E0 /* SceneDelegate.swift in Sources */ = {isa = PBXBuildFile; fileRef = 8010F7232556A6EA00E871E0 /* SceneDelegate.swift */; };
		8010F7262556A6EA00E871E0 /* ViewController.swift in Sources */ = {isa = PBXBuildFile; fileRef = 8010F7252556A6EA00E871E0 /* ViewController.swift */; };
		8010F7292556A6EA00E871E0 /* Main.storyboard in Resources */ = {isa = PBXBuildFile; fileRef = 8010F7272556A6EA00E871E0 /* Main.storyboard */; };
		8010F72B2556A6ED00E871E0 /* Assets.xcassets in Resources */ = {isa = PBXBuildFile; fileRef = 8010F72A2556A6ED00E871E0 /* Assets.xcassets */; };
		8010F72E2556A6ED00E871E0 /* LaunchScreen.storyboard in Resources */ = {isa = PBXBuildFile; fileRef = 8010F72C2556A6ED00E871E0 /* LaunchScreen.storyboard */; };
		8010F7392556A6ED00E871E0 /* iOSCleanArchitectureSampleUITests.swift in Sources */ = {isa = PBXBuildFile; fileRef = 8010F7382556A6ED00E871E0 /* iOSCleanArchitectureSampleUITests.swift */; };
/* End PBXBuildFile section */

/* Begin PBXContainerItemProxy section */
		8010F7352556A6ED00E871E0 /* PBXContainerItemProxy */ = {
			isa = PBXContainerItemProxy;
			containerPortal = 8010F7162556A6EA00E871E0 /* Project object */;
			proxyType = 1;
			remoteGlobalIDString = 8010F71D2556A6EA00E871E0;
			remoteInfo = iOSCleanArchitectureSample;
		};
/* End PBXContainerItemProxy section */

/* Begin PBXFileReference section */
		8010F71E2556A6EA00E871E0 /* iOSCleanArchitectureSample.app */ = {isa = PBXFileReference; explicitFileType = wrapper.application; includeInIndex = 0; path = iOSCleanArchitectureSample.app; sourceTree = BUILT_PRODUCTS_DIR; };
		8010F7212556A6EA00E871E0 /* AppDelegate.swift */ = {isa = PBXFileReference; lastKnownFileType = sourcecode.swift; path = AppDelegate.swift; sourceTree = "<group>"; };
		8010F7232556A6EA00E871E0 /* SceneDelegate.swift */ = {isa = PBXFileReference; lastKnownFileType = sourcecode.swift; path = SceneDelegate.swift; sourceTree = "<group>"; };
		8010F7252556A6EA00E871E0 /* ViewController.swift */ = {isa = PBXFileReference; lastKnownFileType = sourcecode.swift; path = ViewController.swift; sourceTree = "<group>"; };
		8010F7282556A6EA00E871E0 /* Base */ = {isa = PBXFileReference; lastKnownFileType = file.storyboard; name = Base; path = Base.lproj/Main.storyboard; sourceTree = "<group>"; };
		8010F72A2556A6ED00E871E0 /* Assets.xcassets */ = {isa = PBXFileReference; lastKnownFileType = folder.assetcatalog; path = Assets.xcassets; sourceTree = "<group>"; };
		8010F72D2556A6ED00E871E0 /* Base */ = {isa = PBXFileReference; lastKnownFileType = file.storyboard; name = Base; path = Base.lproj/LaunchScreen.storyboard; sourceTree = "<group>"; };
		8010F72F2556A6ED00E871E0 /* Info.plist */ = {isa = PBXFileReference; lastKnownFileType = text.plist.xml; path = Info.plist; sourceTree = "<group>"; };
		8010F7342556A6ED00E871E0 /* iOSCleanArchitectureSampleUITests.xctest */ = {isa = PBXFileReference; explicitFileType = wrapper.cfbundle; includeInIndex = 0; path = iOSCleanArchitectureSampleUITests.xctest; sourceTree = BUILT_PRODUCTS_DIR; };
		8010F7382556A6ED00E871E0 /* iOSCleanArchitectureSampleUITests.swift */ = {isa = PBXFileReference; lastKnownFileType = sourcecode.swift; path = iOSCleanArchitectureSampleUITests.swift; sourceTree = "<group>"; };
		8010F73A2556A6ED00E871E0 /* Info.plist */ = {isa = PBXFileReference; lastKnownFileType = text.plist.xml; path = Info.plist; sourceTree = "<group>"; };
/* End PBXFileReference section */

/* Begin PBXFrameworksBuildPhase section */
		8010F71B2556A6EA00E871E0 /* Frameworks */ = {
			isa = PBXFrameworksBuildPhase;
			buildActionMask = 2147483647;
			files = (
			);
			runOnlyForDeploymentPostprocessing = 0;
		};
		8010F7312556A6ED00E871E0 /* Frameworks */ = {
			isa = PBXFrameworksBuildPhase;
			buildActionMask = 2147483647;
			files = (
			);
			runOnlyForDeploymentPostprocessing = 0;
		};
/* End PBXFrameworksBuildPhase section */

/* Begin PBXGroup section */
		8010F7152556A6EA00E871E0 = {
			isa = PBXGroup;
			children = (
				8010F7202556A6EA00E871E0 /* iOSCleanArchitectureSample */,
				8010F7372556A6ED00E871E0 /* iOSCleanArchitectureSampleUITests */,
				8010F71F2556A6EA00E871E0 /* Products */,
			);
			sourceTree = "<group>";
		};
		8010F71F2556A6EA00E871E0 /* Products */ = {
			isa = PBXGroup;
			children = (
				8010F71E2556A6EA00E871E0 /* iOSCleanArchitectureSample.app */,
				8010F7342556A6ED00E871E0 /* iOSCleanArchitectureSampleUITests.xctest */,
			);
			name = Products;
			sourceTree = "<group>";
		};
		8010F7202556A6EA00E871E0 /* iOSCleanArchitectureSample */ = {
			isa = PBXGroup;
			children = (
				8010F7212556A6EA00E871E0 /* AppDelegate.swift */,
				8010F7232556A6EA00E871E0 /* SceneDelegate.swift */,
				8010F7252556A6EA00E871E0 /* ViewController.swift */,
				8010F7272556A6EA00E871E0 /* Main.storyboard */,
				8010F72A2556A6ED00E871E0 /* Assets.xcassets */,
				8010F72C2556A6ED00E871E0 /* LaunchScreen.storyboard */,
				8010F72F2556A6ED00E871E0 /* Info.plist */,
			);
			path = iOSCleanArchitectureSample;
			sourceTree = "<group>";
		};
		8010F7372556A6ED00E871E0 /* iOSCleanArchitectureSampleUITests */ = {
			isa = PBXGroup;
			children = (
				8010F7382556A6ED00E871E0 /* iOSCleanArchitectureSampleUITests.swift */,
				8010F73A2556A6ED00E871E0 /* Info.plist */,
			);
			path = iOSCleanArchitectureSampleUITests;
			sourceTree = "<group>";
		};
/* End PBXGroup section */

/* Begin PBXNativeTarget section */
		8010F71D2556A6EA00E871E0 /* iOSCleanArchitectureSample */ = {
			isa = PBXNativeTarget;
			buildConfigurationList = 8010F73D2556A6ED00E871E0 /* Build configuration list for PBXNativeTarget "iOSCleanArchitectureSample" */;
			buildPhases = (
				8010F71A2556A6EA00E871E0 /* Sources */,
				8010F71B2556A6EA00E871E0 /* Frameworks */,
				8010F71C2556A6EA00E871E0 /* Resources */,
			);
			buildRules = (
			);
			dependencies = (
			);
			name = iOSCleanArchitectureSample;
			productName = iOSCleanArchitectureSample;
			productReference = 8010F71E2556A6EA00E871E0 /* iOSCleanArchitectureSample.app */;
			productType = "com.apple.product-type.application";
		};
		8010F7332556A6ED00E871E0 /* iOSCleanArchitectureSampleUITests */ = {
			isa = PBXNativeTarget;
			buildConfigurationList = 8010F7402556A6ED00E871E0 /* Build configuration list for PBXNativeTarget "iOSCleanArchitectureSampleUITests" */;
			buildPhases = (
				8010F7302556A6ED00E871E0 /* Sources */,
				8010F7312556A6ED00E871E0 /* Frameworks */,
				8010F7322556A6ED00E871E0 /* Resources */,
			);
			buildRules = (
			);
			dependencies = (
				8010F7362556A6ED00E871E0 /* PBXTargetDependency */,
			);
			name = iOSCleanArchitectureSampleUITests;
			productName = iOSCleanArchitectureSampleUITests;
			productReference = 8010F7342556A6ED00E871E0 /* iOSCleanArchitectureSampleUITests.xctest */;
			productType = "com.apple.product-type.bundle.ui-testing";
		};
/* End PBXNativeTarget section */

/* Begin PBXProject section */
		8010F7162556A6EA00E871E0 /* Project object */ = {
			isa = PBXProject;
			attributes = {
				LastSwiftUpdateCheck = 1100;
				LastUpgradeCheck = 1100;
				ORGANIZATIONNAME = RLS01031792;
				TargetAttributes = {
					8010F71D2556A6EA00E871E0 = {
						CreatedOnToolsVersion = 11.0;
					};
					8010F7332556A6ED00E871E0 = {
						CreatedOnToolsVersion = 11.0;
						TestTargetID = 8010F71D2556A6EA00E871E0;
					};
				};
			};
			buildConfigurationList = 8010F7192556A6EA00E871E0 /* Build configuration list for PBXProject "iOSCleanArchitectureSample" */;
			compatibilityVersion = "Xcode 9.3";
			developmentRegion = en;
			hasScannedForEncodings = 0;
			knownRegions = (
				en,
				Base,
			);
			mainGroup = 8010F7152556A6EA00E871E0;
			productRefGroup = 8010F71F2556A6EA00E871E0 /* Products */;
			projectDirPath = "";
			projectRoot = "";
			targets = (
				8010F71D2556A6EA00E871E0 /* iOSCleanArchitectureSample */,
				8010F7332556A6ED00E871E0 /* iOSCleanArchitectureSampleUITests */,
			);
		};
/* End PBXProject section */

/* Begin PBXResourcesBuildPhase section */
		8010F71C2556A6EA00E871E0 /* Resources */ = {
			isa = PBXResourcesBuildPhase;
			buildActionMask = 2147483647;
			files = (
				8010F72E2556A6ED00E871E0 /* LaunchScreen.storyboard in Resources */,
				8010F72B2556A6ED00E871E0 /* Assets.xcassets in Resources */,
				8010F7292556A6EA00E871E0 /* Main.storyboard in Resources */,
			);
			runOnlyForDeploymentPostprocessing = 0;
		};
		8010F7322556A6ED00E871E0 /* Resources */ = {
			isa = PBXResourcesBuildPhase;
			buildActionMask = 2147483647;
			files = (
			);
			runOnlyForDeploymentPostprocessing = 0;
		};
/* End PBXResourcesBuildPhase section */

/* Begin PBXSourcesBuildPhase section */
		8010F71A2556A6EA00E871E0 /* Sources */ = {
			isa = PBXSourcesBuildPhase;
			buildActionMask = 2147483647;
			files = (
				8010F7262556A6EA00E871E0 /* ViewController.swift in Sources */,
				8010F7222556A6EA00E871E0 /* AppDelegate.swift in Sources */,
				8010F7242556A6EA00E871E0 /* SceneDelegate.swift in Sources */,
			);
			runOnlyForDeploymentPostprocessing = 0;
		};
		8010F7302556A6ED00E871E0 /* Sources */ = {
			isa = PBXSourcesBuildPhase;
			buildActionMask = 2147483647;
			files = (
				8010F7392556A6ED00E871E0 /* iOSCleanArchitectureSampleUITests.swift in Sources */,
			);
			runOnlyForDeploymentPostprocessing = 0;
		};
/* End PBXSourcesBuildPhase section */

/* Begin PBXTargetDependency section */
		8010F7362556A6ED00E871E0 /* PBXTargetDependency */ = {
			isa = PBXTargetDependency;
			target = 8010F71D2556A6EA00E871E0 /* iOSCleanArchitectureSample */;
			targetProxy = 8010F7352556A6ED00E871E0 /* PBXContainerItemProxy */;
		};
/* End PBXTargetDependency section */

/* Begin PBXVariantGroup section */
		8010F7272556A6EA00E871E0 /* Main.storyboard */ = {
			isa = PBXVariantGroup;
			children = (
				8010F7282556A6EA00E871E0 /* Base */,
			);
			name = Main.storyboard;
			sourceTree = "<group>";
		};
		8010F72C2556A6ED00E871E0 /* LaunchScreen.storyboard */ = {
			isa = PBXVariantGroup;
			children = (
				8010F72D2556A6ED00E871E0 /* Base */,
			);
			name = LaunchScreen.storyboard;
			sourceTree = "<group>";
		};
/* End PBXVariantGroup section */

/* Begin XCBuildConfiguration section */
		8010F73B2556A6ED00E871E0 /* Debug */ = {
			isa = XCBuildConfiguration;
			buildSettings = {
				ALWAYS_SEARCH_USER_PATHS = NO;
				CLANG_ANALYZER_NONNULL = YES;
				CLANG_ANALYZER_NUMBER_OBJECT_CONVERSION = YES_AGGRESSIVE;
				CLANG_CXX_LANGUAGE_STANDARD = "gnu++14";
				CLANG_CXX_LIBRARY = "libc++";
				CLANG_ENABLE_MODULES = YES;
				CLANG_ENABLE_OBJC_ARC = YES;
				CLANG_ENABLE_OBJC_WEAK = YES;
				CLANG_WARN_BLOCK_CAPTURE_AUTORELEASING = YES;
				CLANG_WARN_BOOL_CONVERSION = YES;
				CLANG_WARN_COMMA = YES;
				CLANG_WARN_CONSTANT_CONVERSION = YES;
				CLANG_WARN_DEPRECATED_OBJC_IMPLEMENTATIONS = YES;
				CLANG_WARN_DIRECT_OBJC_ISA_USAGE = YES_ERROR;
				CLANG_WARN_DOCUMENTATION_COMMENTS = YES;
				CLANG_WARN_EMPTY_BODY = YES;
				CLANG_WARN_ENUM_CONVERSION = YES;
				CLANG_WARN_INFINITE_RECURSION = YES;
				CLANG_WARN_INT_CONVERSION = YES;
				CLANG_WARN_NON_LITERAL_NULL_CONVERSION = YES;
				CLANG_WARN_OBJC_IMPLICIT_RETAIN_SELF = YES;
				CLANG_WARN_OBJC_LITERAL_CONVERSION = YES;
				CLANG_WARN_OBJC_ROOT_CLASS = YES_ERROR;
				CLANG_WARN_RANGE_LOOP_ANALYSIS = YES;
				CLANG_WARN_STRICT_PROTOTYPES = YES;
				CLANG_WARN_SUSPICIOUS_MOVE = YES;
				CLANG_WARN_UNGUARDED_AVAILABILITY = YES_AGGRESSIVE;
				CLANG_WARN_UNREACHABLE_CODE = YES;
				CLANG_WARN__DUPLICATE_METHOD_MATCH = YES;
				COPY_PHASE_STRIP = NO;
				DEBUG_INFORMATION_FORMAT = dwarf;
				ENABLE_STRICT_OBJC_MSGSEND = YES;
				ENABLE_TESTABILITY = YES;
				GCC_C_LANGUAGE_STANDARD = gnu11;
				GCC_DYNAMIC_NO_PIC = NO;
				GCC_NO_COMMON_BLOCKS = YES;
				GCC_OPTIMIZATION_LEVEL = 0;
				GCC_PREPROCESSOR_DEFINITIONS = (
					"DEBUG=1",
					"$(inherited)",
				);
				GCC_WARN_64_TO_32_BIT_CONVERSION = YES;
				GCC_WARN_ABOUT_RETURN_TYPE = YES_ERROR;
				GCC_WARN_UNDECLARED_SELECTOR = YES;
				GCC_WARN_UNINITIALIZED_AUTOS = YES_AGGRESSIVE;
				GCC_WARN_UNUSED_FUNCTION = YES;
				GCC_WARN_UNUSED_VARIABLE = YES;
				IPHONEOS_DEPLOYMENT_TARGET = 13.0;
				MTL_ENABLE_DEBUG_INFO = INCLUDE_SOURCE;
				MTL_FAST_MATH = YES;
				ONLY_ACTIVE_ARCH = YES;
				SDKROOT = iphoneos;
				SWIFT_ACTIVE_COMPILATION_CONDITIONS = DEBUG;
				SWIFT_OPTIMIZATION_LEVEL = "-Onone";
			};
			name = Debug;
		};
		8010F73C2556A6ED00E871E0 /* Release */ = {
			isa = XCBuildConfiguration;
			buildSettings = {
				ALWAYS_SEARCH_USER_PATHS = NO;
				CLANG_ANALYZER_NONNULL = YES;
				CLANG_ANALYZER_NUMBER_OBJECT_CONVERSION = YES_AGGRESSIVE;
				CLANG_CXX_LANGUAGE_STANDARD = "gnu++14";
				CLANG_CXX_LIBRARY = "libc++";
				CLANG_ENABLE_MODULES = YES;
				CLANG_ENABLE_OBJC_ARC = YES;
				CLANG_ENABLE_OBJC_WEAK = YES;
				CLANG_WARN_BLOCK_CAPTURE_AUTORELEASING = YES;
				CLANG_WARN_BOOL_CONVERSION = YES;
				CLANG_WARN_COMMA = YES;
				CLANG_WARN_CONSTANT_CONVERSION = YES;
				CLANG_WARN_DEPRECATED_OBJC_IMPLEMENTATIONS = YES;
				CLANG_WARN_DIRECT_OBJC_ISA_USAGE = YES_ERROR;
				CLANG_WARN_DOCUMENTATION_COMMENTS = YES;
				CLANG_WARN_EMPTY_BODY = YES;
				CLANG_WARN_ENUM_CONVERSION = YES;
				CLANG_WARN_INFINITE_RECURSION = YES;
				CLANG_WARN_INT_CONVERSION = YES;
				CLANG_WARN_NON_LITERAL_NULL_CONVERSION = YES;
				CLANG_WARN_OBJC_IMPLICIT_RETAIN_SELF = YES;
				CLANG_WARN_OBJC_LITERAL_CONVERSION = YES;
				CLANG_WARN_OBJC_ROOT_CLASS = YES_ERROR;
				CLANG_WARN_RANGE_LOOP_ANALYSIS = YES;
				CLANG_WARN_STRICT_PROTOTYPES = YES;
				CLANG_WARN_SUSPICIOUS_MOVE = YES;
				CLANG_WARN_UNGUARDED_AVAILABILITY = YES_AGGRESSIVE;
				CLANG_WARN_UNREACHABLE_CODE = YES;
				CLANG_WARN__DUPLICATE_METHOD_MATCH = YES;
				COPY_PHASE_STRIP = NO;
				DEBUG_INFORMATION_FORMAT = "dwarf-with-dsym";
				ENABLE_NS_ASSERTIONS = NO;
				ENABLE_STRICT_OBJC_MSGSEND = YES;
				GCC_C_LANGUAGE_STANDARD = gnu11;
				GCC_NO_COMMON_BLOCKS = YES;
				GCC_WARN_64_TO_32_BIT_CONVERSION = YES;
				GCC_WARN_ABOUT_RETURN_TYPE = YES_ERROR;
				GCC_WARN_UNDECLARED_SELECTOR = YES;
				GCC_WARN_UNINITIALIZED_AUTOS = YES_AGGRESSIVE;
				GCC_WARN_UNUSED_FUNCTION = YES;
				GCC_WARN_UNUSED_VARIABLE = YES;
				IPHONEOS_DEPLOYMENT_TARGET = 13.0;
				MTL_ENABLE_DEBUG_INFO = NO;
				MTL_FAST_MATH = YES;
				SDKROOT = iphoneos;
				SWIFT_COMPILATION_MODE = wholemodule;
				SWIFT_OPTIMIZATION_LEVEL = "-O";
				VALIDATE_PRODUCT = YES;
			};
			name = Release;
		};
		8010F73E2556A6ED00E871E0 /* Debug */ = {
			isa = XCBuildConfiguration;
			buildSettings = {
				ASSETCATALOG_COMPILER_APPICON_NAME = AppIcon;
				CODE_SIGN_STYLE = Automatic;
				DEVELOPMENT_TEAM = 37V9Q4N586;
				INFOPLIST_FILE = iOSCleanArchitectureSample/Info.plist;
				LD_RUNPATH_SEARCH_PATHS = (
					"$(inherited)",
					"@executable_path/Frameworks",
				);
				PRODUCT_BUNDLE_IDENTIFIER = RLS01031792.iOSCleanArchitectureSample;
				PRODUCT_NAME = "$(TARGET_NAME)";
				SWIFT_VERSION = 5.0;
				TARGETED_DEVICE_FAMILY = "1,2";
			};
			name = Debug;
		};
		8010F73F2556A6ED00E871E0 /* Release */ = {
			isa = XCBuildConfiguration;
			buildSettings = {
				ASSETCATALOG_COMPILER_APPICON_NAME = AppIcon;
				CODE_SIGN_STYLE = Automatic;
				DEVELOPMENT_TEAM = 37V9Q4N586;
				INFOPLIST_FILE = iOSCleanArchitectureSample/Info.plist;
				LD_RUNPATH_SEARCH_PATHS = (
					"$(inherited)",
					"@executable_path/Frameworks",
				);
				PRODUCT_BUNDLE_IDENTIFIER = RLS01031792.iOSCleanArchitectureSample;
				PRODUCT_NAME = "$(TARGET_NAME)";
				SWIFT_VERSION = 5.0;
				TARGETED_DEVICE_FAMILY = "1,2";
			};
			name = Release;
		};
		8010F7412556A6ED00E871E0 /* Debug */ = {
			isa = XCBuildConfiguration;
			buildSettings = {
				ALWAYS_EMBED_SWIFT_STANDARD_LIBRARIES = YES;
				CODE_SIGN_STYLE = Automatic;
				DEVELOPMENT_TEAM = 37V9Q4N586;
				INFOPLIST_FILE = iOSCleanArchitectureSampleUITests/Info.plist;
				LD_RUNPATH_SEARCH_PATHS = (
					"$(inherited)",
					"@executable_path/Frameworks",
					"@loader_path/Frameworks",
				);
				PRODUCT_BUNDLE_IDENTIFIER = RLS01031792.iOSCleanArchitectureSampleUITests;
				PRODUCT_NAME = "$(TARGET_NAME)";
				SWIFT_VERSION = 5.0;
				TARGETED_DEVICE_FAMILY = "1,2";
				TEST_TARGET_NAME = iOSCleanArchitectureSample;
			};
			name = Debug;
		};
		8010F7422556A6ED00E871E0 /* Release */ = {
			isa = XCBuildConfiguration;
			buildSettings = {
				ALWAYS_EMBED_SWIFT_STANDARD_LIBRARIES = YES;
				CODE_SIGN_STYLE = Automatic;
				DEVELOPMENT_TEAM = 37V9Q4N586;
				INFOPLIST_FILE = iOSCleanArchitectureSampleUITests/Info.plist;
				LD_RUNPATH_SEARCH_PATHS = (
					"$(inherited)",
					"@executable_path/Frameworks",
					"@loader_path/Frameworks",
				);
				PRODUCT_BUNDLE_IDENTIFIER = RLS01031792.iOSCleanArchitectureSampleUITests;
				PRODUCT_NAME = "$(TARGET_NAME)";
				SWIFT_VERSION = 5.0;
				TARGETED_DEVICE_FAMILY = "1,2";
				TEST_TARGET_NAME = iOSCleanArchitectureSample;
			};
			name = Release;
		};
/* End XCBuildConfiguration section */

/* Begin XCConfigurationList section */
		8010F7192556A6EA00E871E0 /* Build configuration list for PBXProject "iOSCleanArchitectureSample" */ = {
			isa = XCConfigurationList;
			buildConfigurations = (
				8010F73B2556A6ED00E871E0 /* Debug */,
				8010F73C2556A6ED00E871E0 /* Release */,
			);
			defaultConfigurationIsVisible = 0;
			defaultConfigurationName = Release;
		};
		8010F73D2556A6ED00E871E0 /* Build configuration list for PBXNativeTarget "iOSCleanArchitectureSample" */ = {
			isa = XCConfigurationList;
			buildConfigurations = (
				8010F73E2556A6ED00E871E0 /* Debug */,
				8010F73F2556A6ED00E871E0 /* Release */,
			);
			defaultConfigurationIsVisible = 0;
			defaultConfigurationName = Release;
		};
		8010F7402556A6ED00E871E0 /* Build configuration list for PBXNativeTarget "iOSCleanArchitectureSampleUITests" */ = {
			isa = XCConfigurationList;
			buildConfigurations = (
				8010F7412556A6ED00E871E0 /* Debug */,
				8010F7422556A6ED00E871E0 /* Release */,
			);
			defaultConfigurationIsVisible = 0;
			defaultConfigurationName = Release;
		};
/* End XCConfigurationList section */
	};
	rootObject = 8010F7162556A6EA00E871E0 /* Project object */;
}
